
Microsoft Visual Studio Solution File, Format Version 12.00
# Visual Studio Version 17
VisualStudioVersion = 17.7.34202.233
MinimumVisualStudioVersion = 10.0.40219.1
Project("{FAE04EC0-301F-11D3-BF4B-00C04F79EFBC}") = "MyJourneyToWork", "MyJourneyToWork\MyJourneyToWork.csproj", "{AE68DDD0-2411-45F0-93F8-17BB36E9877F}"
EndProject
Global
	GlobalSection(SolutionConfigurationPlatforms) = preSolution
		Debug|Any CPU = Debug|Any CPU
		Release|Any CPU = Release|Any CPU
	EndGlobalSection
	GlobalSection(ProjectConfigurationPlatforms) = postSolution
		{AE68DDD0-2411-45F0-93F8-17BB36E9877F}.Debug|Any CPU.ActiveCfg = Debug|Any CPU
		{AE68DDD0-2411-45F0-93F8-17BB36E9877F}.Debug|Any CPU.Build.0 = Debug|Any CPU
		{AE68DDD0-2411-45F0-93F8-17BB36E9877F}.Release|Any CPU.ActiveCfg = Release|Any CPU
		{AE68DDD0-2411-45F0-93F8-17BB36E9877F}.Release|Any CPU.Build.0 = Release|Any CPU
	EndGlobalSection
	GlobalSection(SolutionProperties) = preSolution
		HideSolutionNode = FALSE
	EndGlobalSection
	GlobalSection(ExtensibilityGlobals) = postSolution
		SolutionGuid = {8ED10930-E1BB-4AE5-AE7B-92D51BB011E7}
	EndGlobalSection
EndGlobal
